schema: '2.0'
stages:
  fetch_lodes_by_state@2022-al:
    cmd: Rscript ./src/download_lodes.R 2022 al
    outs:
    - path: ./input/lodes/year=2022/state=al/al.csv.gz
      hash: md5
      md5: 11f33b136a7dcb5df94dd681c40618e5
      size: 11050220
  fetch_lodes_by_state@2022-az:
    cmd: Rscript ./src/download_lodes.R 2022 az
    outs:
    - path: ./input/lodes/year=2022/state=az/az.csv.gz
      hash: md5
      md5: 5bed06081e8989ecfcac13ab409e1caf
      size: 15999100
  fetch_lodes_by_state@2022-ar:
    cmd: Rscript ./src/download_lodes.R 2022 ar
    outs:
    - path: ./input/lodes/year=2022/state=ar/ar.csv.gz
      hash: md5
      md5: 4d095e6d29243953e784c0fe6ae97e91
      size: 6579296
  fetch_lodes_by_state@2022-co:
    cmd: Rscript ./src/download_lodes.R 2022 co
    outs:
    - path: ./input/lodes/year=2022/state=co/co.csv.gz
      hash: md5
      md5: 410d6c243b6010c194e34b0b7ea09849
      size: 14921788
  fetch_lodes_by_state@2022-ct:
    cmd: Rscript ./src/download_lodes.R 2022 ct
    outs:
    - path: ./input/lodes/year=2022/state=ct/ct.csv.gz
      hash: md5
      md5: 26ccff17eaf182b9c2fd28bdf090eecd
      size: 8532274
  fetch_lodes_by_state@2022-dc:
    cmd: Rscript ./src/download_lodes.R 2022 dc
    outs:
    - path: ./input/lodes/year=2022/state=dc/dc.csv.gz
      hash: md5
      md5: 085b3c697856a332e295fd95a39ae332
      size: 3241098
  fetch_lodes_by_state@2022-de:
    cmd: Rscript ./src/download_lodes.R 2022 de
    outs:
    - path: ./input/lodes/year=2022/state=de/de.csv.gz
      hash: md5
      md5: 015854795622fd8831499ced57c46f42
      size: 2275900
  fetch_lodes_by_state@2022-fl:
    cmd: Rscript ./src/download_lodes.R 2022 fl
    outs:
    - path: ./input/lodes/year=2022/state=fl/fl.csv.gz
      hash: md5
      md5: 5312351ec6c2ffaf28884650c1589931
      size: 50644267
  fetch_lodes_by_state@2022-ga:
    cmd: Rscript ./src/download_lodes.R 2022 ga
    outs:
    - path: ./input/lodes/year=2022/state=ga/ga.csv.gz
      hash: md5
      md5: 0d5a890fab89c8165eff86392835807c
      size: 24787693
  fetch_lodes_by_state@2022-hi:
    cmd: Rscript ./src/download_lodes.R 2022 hi
    outs:
    - path: ./input/lodes/year=2022/state=hi/hi.csv.gz
      hash: md5
      md5: 9443e78891eb9f2c19c634eb905b5ac2
      size: 2376147
  fetch_lodes_by_state@2022-id:
    cmd: Rscript ./src/download_lodes.R 2022 id
    outs:
    - path: ./input/lodes/year=2022/state=id/id.csv.gz
      hash: md5
      md5: d656228b4e8f8d2c97626ede3ebc52fb
      size: 4293245
  fetch_lodes_by_state@2022-il:
    cmd: Rscript ./src/download_lodes.R 2022 il
    outs:
    - path: ./input/lodes/year=2022/state=il/il.csv.gz
      hash: md5
      md5: 56bba605dc41073b0df7bd109dad83f7
      size: 32787254
  fetch_lodes_by_state@2022-in:
    cmd: Rscript ./src/download_lodes.R 2022 in
    outs:
    - path: ./input/lodes/year=2022/state=in/in.csv.gz
      hash: md5
      md5: c0970b054577b4decd67c4c6b489a78b
      size: 16857945
  fetch_lodes_by_state@2022-ia:
    cmd: Rscript ./src/download_lodes.R 2022 ia
    outs:
    - path: ./input/lodes/year=2022/state=ia/ia.csv.gz
      hash: md5
      md5: 07fc1abe8a2fb45df2a37d800bfd92b0
      size: 8301625
  fetch_lodes_by_state@2022-ks:
    cmd: Rscript ./src/download_lodes.R 2022 ks
    outs:
    - path: ./input/lodes/year=2022/state=ks/ks.csv.gz
      hash: md5
      md5: 55b607a97d1fefd10b8dbc236261a87e
      size: 7496316
  fetch_lodes_by_state@2022-ky:
    cmd: Rscript ./src/download_lodes.R 2022 ky
    outs:
    - path: ./input/lodes/year=2022/state=ky/ky.csv.gz
      hash: md5
      md5: 19bb61cf19ad1fecb79b2d956c3202c8
      size: 10002565
  fetch_lodes_by_state@2022-la:
    cmd: Rscript ./src/download_lodes.R 2022 la
    outs:
    - path: ./input/lodes/year=2022/state=la/la.csv.gz
      hash: md5
      md5: bb7818b6cc397ad48ece719c655b2cb7
      size: 10155799
  fetch_lodes_by_state@2022-me:
    cmd: Rscript ./src/download_lodes.R 2022 me
    outs:
    - path: ./input/lodes/year=2022/state=me/me.csv.gz
      hash: md5
      md5: b21b84e5b883256efe028dc689a7c1db
      size: 3165866
  fetch_lodes_by_state@2022-md:
    cmd: Rscript ./src/download_lodes.R 2022 md
    outs:
    - path: ./input/lodes/year=2022/state=md/md.csv.gz
      hash: md5
      md5: 4c721621b8a99a918b64d3dae02abda6
      size: 13692003
  fetch_lodes_by_state@2022-ma:
    cmd: Rscript ./src/download_lodes.R 2022 ma
    outs:
    - path: ./input/lodes/year=2022/state=ma/ma.csv.gz
      hash: md5
      md5: 966025a737a87482c66b47e49d87c380
      size: 19333160
  fetch_lodes_by_state@2022-mn:
    cmd: Rscript ./src/download_lodes.R 2022 mn
    outs:
    - path: ./input/lodes/year=2022/state=mn/mn.csv.gz
      hash: md5
      md5: 63cdca9f92db82b3e7b257735ea41345
      size: 14743561
  fetch_lodes_by_state@2022-mo:
    cmd: Rscript ./src/download_lodes.R 2022 mo
    outs:
    - path: ./input/lodes/year=2022/state=mo/mo.csv.gz
      hash: md5
      md5: 59acaa8c7d9283dac673f5f170bc7a02
      size: 15685872
  fetch_lodes_by_state@2022-mt:
    cmd: Rscript ./src/download_lodes.R 2022 mt
    outs:
    - path: ./input/lodes/year=2022/state=mt/mt.csv.gz
      hash: md5
      md5: 8397ad2b5cb566e90b03fb27d141dfc5
      size: 2617061
  fetch_lodes_by_state@2022-ne:
    cmd: Rscript ./src/download_lodes.R 2022 ne
    outs:
    - path: ./input/lodes/year=2022/state=ne/ne.csv.gz
      hash: md5
      md5: 60ae3e6bd6eb677d1821b89608474d99
      size: 5228870
  fetch_lodes_by_state@2022-nv:
    cmd: Rscript ./src/download_lodes.R 2022 nv
    outs:
    - path: ./input/lodes/year=2022/state=nv/nv.csv.gz
      hash: md5
      md5: 36f312f8189fdf86d1a21a8bb68f333d
      size: 6822055
  fetch_lodes_by_state@2022-nh:
    cmd: Rscript ./src/download_lodes.R 2022 nh
    outs:
    - path: ./input/lodes/year=2022/state=nh/nh.csv.gz
      hash: md5
      md5: 1cf2c318670949aa762eee2cac7ad453
      size: 3512083
  fetch_lodes_by_state@2022-nj:
    cmd: Rscript ./src/download_lodes.R 2022 nj
    outs:
    - path: ./input/lodes/year=2022/state=nj/nj.csv.gz
      hash: md5
      md5: 3e611a7a7a80d6206755f79490cb3db5
      size: 23231990
  fetch_lodes_by_state@2022-nm:
    cmd: Rscript ./src/download_lodes.R 2022 nm
    outs:
    - path: ./input/lodes/year=2022/state=nm/nm.csv.gz
      hash: md5
      md5: c0109bac519b3faefd5a19234cac1ffd
      size: 4284893
  fetch_lodes_by_state@2022-ny:
    cmd: Rscript ./src/download_lodes.R 2022 ny
    outs:
    - path: ./input/lodes/year=2022/state=ny/ny.csv.gz
      hash: md5
      md5: ddbed8be17d99e882d12b544ed736e5b
      size: 49751937
  fetch_lodes_by_state@2022-nc:
    cmd: Rscript ./src/download_lodes.R 2022 nc
    outs:
    - path: ./input/lodes/year=2022/state=nc/nc.csv.gz
      hash: md5
      md5: d5d822655afd9a1d14f4b238d021e87a
      size: 25620723
  fetch_lodes_by_state@2022-nd:
    cmd: Rscript ./src/download_lodes.R 2022 nd
    outs:
    - path: ./input/lodes/year=2022/state=nd/nd.csv.gz
      hash: md5
      md5: 638b72c2f2a3933d448ef713615588a9
      size: 2119188
  fetch_lodes_by_state@2022-oh:
    cmd: Rscript ./src/download_lodes.R 2022 oh
    outs:
    - path: ./input/lodes/year=2022/state=oh/oh.csv.gz
      hash: md5
      md5: 224ae2dd515a056bbc9fd384d01d6399
      size: 29305222
  fetch_lodes_by_state@2022-ok:
    cmd: Rscript ./src/download_lodes.R 2022 ok
    outs:
    - path: ./input/lodes/year=2022/state=ok/ok.csv.gz
      hash: md5
      md5: ab3ab3c68ba9e79a0937c0553600caf3
      size: 8903642
  fetch_lodes_by_state@2022-or:
    cmd: Rscript ./src/download_lodes.R 2022 or
    outs:
    - path: ./input/lodes/year=2022/state=or/or.csv.gz
      hash: md5
      md5: 18de01ed79d3d2a689fa59bd75f27a5b
      size: 10612522
  fetch_lodes_by_state@2022-pa:
    cmd: Rscript ./src/download_lodes.R 2022 pa
    outs:
    - path: ./input/lodes/year=2022/state=pa/pa.csv.gz
      hash: md5
      md5: 7ed97f3517c43808fb8f22f8c1087888
      size: 32799462
  fetch_lodes_by_state@2022-ri:
    cmd: Rscript ./src/download_lodes.R 2022 ri
    outs:
    - path: ./input/lodes/year=2022/state=ri/ri.csv.gz
      hash: md5
      md5: dbbc1b0926607fc25a9dc874c5ddafc8
      size: 2615842
  fetch_lodes_by_state@2022-sc:
    cmd: Rscript ./src/download_lodes.R 2022 sc
    outs:
    - path: ./input/lodes/year=2022/state=sc/sc.csv.gz
      hash: md5
      md5: ad6f6022d310d33ad80e2c054029ca30
      size: 11699902
  fetch_lodes_by_state@2022-sd:
    cmd: Rscript ./src/download_lodes.R 2022 sd
    outs:
    - path: ./input/lodes/year=2022/state=sd/sd.csv.gz
      hash: md5
      md5: 8a505a7e93f26bea3eb908c39e87ddd4
      size: 2240714
  fetch_lodes_by_state@2022-tn:
    cmd: Rscript ./src/download_lodes.R 2022 tn
    outs:
    - path: ./input/lodes/year=2022/state=tn/tn.csv.gz
      hash: md5
      md5: 3130ee86114dd22767132daed8484bcb
      size: 16485437
  fetch_lodes_by_state@2022-ut:
    cmd: Rscript ./src/download_lodes.R 2022 ut
    outs:
    - path: ./input/lodes/year=2022/state=ut/ut.csv.gz
      hash: md5
      md5: e69c59dbc84d1542cb441b7934e25951
      size: 8621702
  fetch_lodes_by_state@2022-vt:
    cmd: Rscript ./src/download_lodes.R 2022 vt
    outs:
    - path: ./input/lodes/year=2022/state=vt/vt.csv.gz
      hash: md5
      md5: a79f8f013e514c57aa1feee98a0fb7bd
      size: 1508643
  fetch_lodes_by_state@2022-va:
    cmd: Rscript ./src/download_lodes.R 2022 va
    outs:
    - path: ./input/lodes/year=2022/state=va/va.csv.gz
      hash: md5
      md5: c1ba90a7b5d095bb5c4b123930b21286
      size: 20220856
  fetch_lodes_by_state@2022-wa:
    cmd: Rscript ./src/download_lodes.R 2022 wa
    outs:
    - path: ./input/lodes/year=2022/state=wa/wa.csv.gz
      hash: md5
      md5: 29af658704f8f79605943aca366962db
      size: 17836838
  fetch_lodes_by_state@2022-wv:
    cmd: Rscript ./src/download_lodes.R 2022 wv
    outs:
    - path: ./input/lodes/year=2022/state=wv/wv.csv.gz
      hash: md5
      md5: 967dfa9151954ff27b2f602451216d4f
      size: 3613600
  fetch_lodes_by_state@2022-wi:
    cmd: Rscript ./src/download_lodes.R 2022 wi
    outs:
    - path: ./input/lodes/year=2022/state=wi/wi.csv.gz
      hash: md5
      md5: 7e0f1a075c577481b554b0fea43676a6
      size: 15655204
  fetch_lodes_by_state@2022-wy:
    cmd: Rscript ./src/download_lodes.R 2022 wy
    outs:
    - path: ./input/lodes/year=2022/state=wy/wy.csv.gz
      hash: md5
      md5: 69f704c88b4731aba1490d878662afcb
      size: 1383758
  fetch_lodes_by_state@2022-ca:
    cmd: Rscript ./src/download_lodes.R 2022 ca
    outs:
    - path: ./input/lodes/year=2022/state=ca/ca.csv.gz
      hash: md5
      md5: f197ea4eb56666eecfdd92c0e203e600
      size: 98337840
  fetch_lodes_by_state@2022-tx:
    cmd: Rscript ./src/download_lodes.R 2022 tx
    outs:
    - path: ./input/lodes/year=2022/state=tx/tx.csv.gz
      hash: md5
      md5: fbb6a5c5b75756f80732ed7efe0a0966
      size: 72041100
